lockfileVersion: '9.0'

settings:
  autoInstallPeers: true
  excludeLinksFromLockfile: false

catalogs:
  default:
    '@typescript/native-preview':
      specifier: 7.0.0-dev.20250725.3
      version: 7.0.0-dev.20250725.3

importers:

  .:
    devDependencies:
      '@biomejs/biome':
        specifier: ^2.1.2
        version: 2.1.2
      '@typescript/native-preview':
        specifier: 'catalog:'
        version: 7.0.0-dev.20250725.3
      dotenv-cli:
        specifier: ^9.0.0
        version: 9.0.0

  packages/chrome-extension:
    dependencies:
      '@typescript/native-preview':
        specifier: 'catalog:'
        version: 7.0.0-dev.20250725.3

  packages/frontend:
    dependencies:
      '@typescript/native-preview':
        specifier: 'catalog:'
        version: 7.0.0-dev.20250725.3

packages:

  '@biomejs/biome@2.1.2':
    resolution: {integrity: sha512-yq8ZZuKuBVDgAS76LWCfFKHSYIAgqkxVB3mGVVpOe2vSkUTs7xG46zXZeNPRNVjiJuw0SZ3+J2rXiYx0RUpfGg==}
    engines: {node: '>=14.21.3'}
    hasBin: true

  '@biomejs/cli-darwin-arm64@2.1.2':
    resolution: {integrity: sha512-leFAks64PEIjc7MY/cLjE8u5OcfBKkcDB0szxsWUB4aDfemBep1WVKt0qrEyqZBOW8LPHzrFMyDl3FhuuA0E7g==}
    engines: {node: '>=14.21.3'}
    cpu: [arm64]
    os: [darwin]

  '@biomejs/cli-darwin-x64@2.1.2':
    resolution: {integrity: sha512-Nmmv7wRX5Nj7lGmz0FjnWdflJg4zii8Ivruas6PBKzw5SJX/q+Zh2RfnO+bBnuKLXpj8kiI2x2X12otpH6a32A==}
    engines: {node: '>=14.21.3'}
    cpu: [x64]
    os: [darwin]

  '@biomejs/cli-linux-arm64-musl@2.1.2':
    resolution: {integrity: sha512-qgHvafhjH7Oca114FdOScmIKf1DlXT1LqbOrrbR30kQDLFPEOpBG0uzx6MhmsrmhGiCFCr2obDamu+czk+X0HQ==}
    engines: {node: '>=14.21.3'}
    cpu: [arm64]
    os: [linux]

  '@biomejs/cli-linux-arm64@2.1.2':
    resolution: {integrity: sha512-NWNy2Diocav61HZiv2enTQykbPP/KrA/baS7JsLSojC7Xxh2nl9IczuvE5UID7+ksRy2e7yH7klm/WkA72G1dw==}
    engines: {node: '>=14.21.3'}
    cpu: [arm64]
    os: [linux]

  '@biomejs/cli-linux-x64-musl@2.1.2':
    resolution: {integrity: sha512-xlB3mU14ZUa3wzLtXfmk2IMOGL+S0aHFhSix/nssWS/2XlD27q+S6f0dlQ8WOCbYoXcuz8BCM7rCn2lxdTrlQA==}
    engines: {node: '>=14.21.3'}
    cpu: [x64]
    os: [linux]

  '@biomejs/cli-linux-x64@2.1.2':
    resolution: {integrity: sha512-Km/UYeVowygTjpX6sGBzlizjakLoMQkxWbruVZSNE6osuSI63i4uCeIL+6q2AJlD3dxoiBJX70dn1enjQnQqwA==}
    engines: {node: '>=14.21.3'}
    cpu: [x64]
    os: [linux]

  '@biomejs/cli-win32-arm64@2.1.2':
    resolution: {integrity: sha512-G8KWZli5ASOXA3yUQgx+M4pZRv3ND16h77UsdunUL17uYpcL/UC7RkWTdkfvMQvogVsAuz5JUcBDjgZHXxlKoA==}
    engines: {node: '>=14.21.3'}
    cpu: [arm64]
    os: [win32]

  '@biomejs/cli-win32-x64@2.1.2':
    resolution: {integrity: sha512-9zajnk59PMpjBkty3bK2IrjUsUHvqe9HWwyAWQBjGLE7MIBjbX2vwv1XPEhmO2RRuGoTkVx3WCanHrjAytICLA==}
    engines: {node: '>=14.21.3'}
    cpu: [x64]
    os: [win32]

  '@typescript/native-preview-darwin-arm64@7.0.0-dev.20250725.3':
    resolution: {integrity: sha512-IXyVKZQSGlNJNrsHtsoQpDZh4nh6VEzPJiSalIKiw6F7J1R8R8rEPGtGyZji0xsYQip4ve0CthVQZHuin8stTA==}
    engines: {node: '>=20.6.0'}
    cpu: [arm64]
    os: [darwin]

  '@typescript/native-preview-darwin-x64@7.0.0-dev.20250725.3':
    resolution: {integrity: sha512-ar9WeWxrSA2VtAZAL2B8KsKdHPIOfZMidksa/oTP22tKjH+nDw0OkDrMakzq1aA8mPKWOjOvTfDtsTO/w/+IiQ==}
    engines: {node: '>=20.6.0'}
    cpu: [x64]
    os: [darwin]

  '@typescript/native-preview-linux-arm64@7.0.0-dev.20250725.3':
    resolution: {integrity: sha512-fPb+LYdfSDePYdqJOgx9Qy9ZYdMOictgvTHOeuRBMfDmscXPodQGQJ+CjXmZgncgtOQTvCcW+jRBwCdgnIyzOg==}
    engines: {node: '>=20.6.0'}
    cpu: [arm64]
    os: [linux]

  '@typescript/native-preview-linux-arm@7.0.0-dev.20250725.3':
    resolution: {integrity: sha512-rzvu/tNiCrHjmP1NUWaPaNSUEiyI0fOdt+GIqcM7d1w3XEwIAdcZWpekJJLn6wDt/Z55ymEotLNIoFcWFbq2ww==}
    engines: {node: '>=20.6.0'}
    cpu: [arm]
    os: [linux]

  '@typescript/native-preview-linux-x64@7.0.0-dev.20250725.3':
    resolution: {integrity: sha512-yCjv6dJyOsGosGBkCkCc9Yr+qrElDwXxdNL8hpJRrPbR1yxwfwGl1jka33i0k0fGfHm8id2kwhF11dGCNLtUhQ==}
    engines: {node: '>=20.6.0'}
    cpu: [x64]
    os: [linux]

  '@typescript/native-preview-win32-arm64@7.0.0-dev.20250725.3':
    resolution: {integrity: sha512-bEqVAGHgli3UwYzwJfbCB2qZeGFJ2GM9o5vkC6+09TiJKI4ftcTjU4PPYkMi/6sw5HCKZmaQ+UwoPZi+NQ+1rQ==}
    engines: {node: '>=20.6.0'}
    cpu: [arm64]
    os: [win32]

  '@typescript/native-preview-win32-x64@7.0.0-dev.20250725.3':
    resolution: {integrity: sha512-/K8UE5AdfquoE/J//yTvIVyvXofol19XC7LcMhLRsk+JyyAkZaFp/MpYmg9O9vkPte1iWAXGhYdCCk7NCCK7Aw==}
    engines: {node: '>=20.6.0'}
    cpu: [x64]
    os: [win32]

  '@typescript/native-preview@7.0.0-dev.20250725.3':
    resolution: {integrity: sha512-eDUFiRZ25WVu/ex4FzmEVgqk0lE7XKKLfLxfWEuLkKCnIG9qdM695aiMeja6EvB9d5pIaN78I+oaheuu3GRQPg==}
    engines: {node: '>=20.6.0'}
    hasBin: true

  cross-spawn@7.0.6:
    resolution: {integrity: sha512-uV2QOWP2nWzsy2aMp8aRibhi9dlzF5Hgh5SHaB9OiTGEyDTiJJyx0uy51QXdyWbtAHNua4XJzUKca3OzKUd3vA==}
    engines: {node: '>= 8'}

  dotenv-cli@9.0.0:
    resolution: {integrity: sha512-NhGrQum/u1VTBxnSnlNwVkTP3gojYO8T6Fntyru93wbR1hPo8aFhDFJiBPmkT0771i7f5Rd7EQDaOreS8jY8gA==}
    hasBin: true

  dotenv-expand@10.0.0:
    resolution: {integrity: sha512-GopVGCpVS1UKH75VKHGuQFqS1Gusej0z4FyQkPdwjil2gNIv+LNsqBlboOzpJFZKVT95GkCyWJbBSdFEFUWI2A==}
    engines: {node: '>=12'}

  dotenv@17.2.1:
    resolution: {integrity: sha512-kQhDYKZecqnM0fCnzI5eIv5L4cAe/iRI+HqMbO/hbRdTAeXDG+M9FjipUxNfbARuEg4iHIbhnhs78BCHNbSxEQ==}
    engines: {node: '>=12'}

  isexe@2.0.0:
    resolution: {integrity: sha512-RHxMLp9lnKHGHRng9QFhRCMbYAcVpn69smSGcq3f36xjgVVWThj4qqLbTLlq7Ssj8B+fIQ1EuCEGI2lKsyQeIw==}

  minimist@1.2.8:
    resolution: {integrity: sha512-2yyAR8qBkN3YuheJanUpWC5U3bb5osDywNB8RzDVlDwDHbocAJveqqj1u8+SVD7jkWT4yvsHCpWqqWqAxb0zCA==}

  path-key@3.1.1:
    resolution: {integrity: sha512-ojmeN0qd+y0jszEtoY48r0Peq5dwMEkIlCOu6Q5f41lfkswXuKtYrhgoTpLnyIcHm24Uhqx+5Tqm2InSwLhE6Q==}
    engines: {node: '>=8'}

  shebang-command@2.0.0:
    resolution: {integrity: sha512-kHxr2zZpYtdmrN1qDjrrX/Z1rR1kG8Dx+gkpK1G4eXmvXswmcE1hTWBWYUzlraYw1/yZp6YuDY77YtvbN0dmDA==}
    engines: {node: '>=8'}

  shebang-regex@3.0.0:
    resolution: {integrity: sha512-7++dFhtcx3353uBaq8DDR4NuxBetBzC7ZQOhmTQInHEd6bSrXdiEyzCvG07Z44UYdLShWUyXt5M/yhz8ekcb1A==}
    engines: {node: '>=8'}

  which@2.0.2:
    resolution: {integrity: sha512-BLI3Tl1TW3Pvl70l3yq3Y64i+awpwXqsGBYWkkqMtnbXgrMD+yj7rhW0kuEDxzJaYXGjEW5ogapKNMEKNMjibA==}
    engines: {node: '>= 8'}
    hasBin: true

snapshots:

  '@biomejs/biome@2.1.2':
    optionalDependencies:
      '@biomejs/cli-darwin-arm64': 2.1.2
      '@biomejs/cli-darwin-x64': 2.1.2
      '@biomejs/cli-linux-arm64': 2.1.2
      '@biomejs/cli-linux-arm64-musl': 2.1.2
      '@biomejs/cli-linux-x64': 2.1.2
      '@biomejs/cli-linux-x64-musl': 2.1.2
      '@biomejs/cli-win32-arm64': 2.1.2
      '@biomejs/cli-win32-x64': 2.1.2

  '@biomejs/cli-darwin-arm64@2.1.2':
    optional: true

  '@biomejs/cli-darwin-x64@2.1.2':
    optional: true

  '@biomejs/cli-linux-arm64-musl@2.1.2':
    optional: true

  '@biomejs/cli-linux-arm64@2.1.2':
    optional: true

  '@biomejs/cli-linux-x64-musl@2.1.2':
    optional: true

  '@biomejs/cli-linux-x64@2.1.2':
    optional: true

  '@biomejs/cli-win32-arm64@2.1.2':
    optional: true

  '@biomejs/cli-win32-x64@2.1.2':
    optional: true

  '@typescript/native-preview-darwin-arm64@7.0.0-dev.20250725.3':
    optional: true

  '@typescript/native-preview-darwin-x64@7.0.0-dev.20250725.3':
    optional: true

  '@typescript/native-preview-linux-arm64@7.0.0-dev.20250725.3':
    optional: true

  '@typescript/native-preview-linux-arm@7.0.0-dev.20250725.3':
    optional: true

  '@typescript/native-preview-linux-x64@7.0.0-dev.20250725.3':
    optional: true

  '@typescript/native-preview-win32-arm64@7.0.0-dev.20250725.3':
    optional: true

  '@typescript/native-preview-win32-x64@7.0.0-dev.20250725.3':
    optional: true

  '@typescript/native-preview@7.0.0-dev.20250725.3':
    optionalDependencies:
      '@typescript/native-preview-darwin-arm64': 7.0.0-dev.20250725.3
      '@typescript/native-preview-darwin-x64': 7.0.0-dev.20250725.3
      '@typescript/native-preview-linux-arm': 7.0.0-dev.20250725.3
      '@typescript/native-preview-linux-arm64': 7.0.0-dev.20250725.3
      '@typescript/native-preview-linux-x64': 7.0.0-dev.20250725.3
      '@typescript/native-preview-win32-arm64': 7.0.0-dev.20250725.3
      '@typescript/native-preview-win32-x64': 7.0.0-dev.20250725.3

  cross-spawn@7.0.6:
    dependencies:
      path-key: 3.1.1
      shebang-command: 2.0.0
      which: 2.0.2

  dotenv-cli@9.0.0:
    dependencies:
      cross-spawn: 7.0.6
      dotenv: 17.2.1
      dotenv-expand: 10.0.0
      minimist: 1.2.8

  dotenv-expand@10.0.0: {}

  dotenv@17.2.1: {}

  isexe@2.0.0: {}

  minimist@1.2.8: {}

  path-key@3.1.1: {}

  shebang-command@2.0.0:
    dependencies:
      shebang-regex: 3.0.0

  shebang-regex@3.0.0: {}

  which@2.0.2:
    dependencies:
      isexe: 2.0.0
